{
  "name": "@hexlet/code",
  "version": "1.0.0",
  "lockfileVersion": 3,
  "requires": true,
  "packages": {
    "": {
      "name": "@hexlet/code",
      "version": "1.0.0",
      "license": "ISC",
      "dependencies": {
        "commander": "^12.1.0",
        "lodash": "^4.17.21"
      },
      "bin": {
        "gendiff": "bin/gendiff.js"
      },
      "devDependencies": {
        "@eslint/js": "^9.21.0",
        "eslint": "^9.21.0",
        "globals": "^16.0.0"
      }
    },
  }
}